// !$*UTF8*$!
{
	archiveVersion = 1;
	classes = {
	};
	objectVersion = 77;
	objects = {

/* Begin PBXContainerItemProxy section */
		804AB0B42DA3C0BD007825F7 /* PBXContainerItemProxy */ = {
			isa = PBXContainerItemProxy;
			containerPortal = 804AB09B2DA3C0BC007825F7 /* Project object */;
			proxyType = 1;
			remoteGlobalIDString = 804AB0A22DA3C0BC007825F7;
			remoteInfo = swiftFrontend;
		};
		804AB0BE2DA3C0BD007825F7 /* PBXContainerItemProxy */ = {
			isa = PBXContainerItemProxy;
			containerPortal = 804AB09B2DA3C0BC007825F7 /* Project object */;
			proxyType = 1;
			remoteGlobalIDString = 804AB0A22DA3C0BC007825F7;
			remoteInfo = swiftFrontend;
		};
/* End PBXContainerItemProxy section */

/* Begin PBXFileReference section */
		804AB0A32DA3C0BC007825F7 /* swiftFrontend.app */ = {isa = PBXFileReference; explicitFileType = wrapper.application; includeInIndex = 0; path = swiftFrontend.app; sourceTree = BUILT_PRODUCTS_DIR; };
		804AB0B32DA3C0BD007825F7 /* swiftFrontendTests.xctest */ = {isa = PBXFileReference; explicitFileType = wrapper.cfbundle; includeInIndex = 0; path = swiftFrontendTests.xctest; sourceTree = BUILT_PRODUCTS_DIR; };
		804AB0BD2DA3C0BD007825F7 /* swiftFrontendUITests.xctest */ = {isa = PBXFileReference; explicitFileType = wrapper.cfbundle; includeInIndex = 0; path = swiftFrontendUITests.xctest; sourceTree = BUILT_PRODUCTS_DIR; };
/* End PBXFileReference section */

/* Begin PBXFileSystemSynchronizedRootGroup section */
		804AB0A52DA3C0BC007825F7 /* swiftFrontend */ = {
			isa = PBXFileSystemSynchronizedRootGroup;
			path = swiftFrontend;
			sourceTree = "<group>";
		};
		804AB0B62DA3C0BD007825F7 /* swiftFrontendTests */ = {
			isa = PBXFileSystemSynchronizedRootGroup;
			path = swiftFrontendTests;
			sourceTree = "<group>";
		};
		804AB0C02DA3C0BD007825F7 /* swiftFrontendUITests */ = {
			isa = PBXFileSystemSynchronizedRootGroup;
			path = swiftFrontendUITests;
			sourceTree = "<group>";
		};
/* End PBXFileSystemSynchronizedRootGroup section */

/* Begin PBXFrameworksBuildPhase section */
		804AB0A02DA3C0BC007825F7 /* Frameworks */ = {
			isa = PBXFrameworksBuildPhase;
			buildActionMask = 2147483647;
			files = (
			);
			runOnlyForDeploymentPostprocessing = 0;
		};
		804AB0B02DA3C0BD007825F7 /* Frameworks */ = {
			isa = PBXFrameworksBuildPhase;
			buildActionMask = 2147483647;
			files = (
			);
			runOnlyForDeploymentPostprocessing = 0;
		};
		804AB0BA2DA3C0BD007825F7 /* Frameworks */ = {
			isa = PBXFrameworksBuildPhase;
			buildActionMask = 2147483647;
			files = (
			);
			runOnlyForDeploymentPostprocessing = 0;
		};
/* End PBXFrameworksBuildPhase section */

/* Begin PBXGroup section */
		804AB09A2DA3C0BC007825F7 = {
			isa = PBXGroup;
			children = (
				804AB0A52DA3C0BC007825F7 /* swiftFrontend */,
				804AB0B62DA3C0BD007825F7 /* swiftFrontendTests */,
				804AB0C02DA3C0BD007825F7 /* swiftFrontendUITests */,
				804AB0A42DA3C0BC007825F7 /* Products */,
			);
			sourceTree = "<group>";
		};
		804AB0A42DA3C0BC007825F7 /* Products */ = {
			isa = PBXGroup;
			children = (
				804AB0A32DA3C0BC007825F7 /* swiftFrontend.app */,
				804AB0B32DA3C0BD007825F7 /* swiftFrontendTests.xctest */,
				804AB0BD2DA3C0BD007825F7 /* swiftFrontendUITests.xctest */,
			);
			name = Products;
			sourceTree = "<group>";
		};
/* End PBXGroup section */

/* Begin PBXNativeTarget section */
		804AB0A22DA3C0BC007825F7 /* swiftFrontend */ = {
			isa = PBXNativeTarget;
			buildConfigurationList = 804AB0C72DA3C0BD007825F7 /* Build configuration list for PBXNativeTarget "swiftFrontend" */;
			buildPhases = (
				804AB09F2DA3C0BC007825F7 /* Sources */,
				804AB0A02DA3C0BC007825F7 /* Frameworks */,
				804AB0A12DA3C0BC007825F7 /* Resources */,
			);
			buildRules = (
			);
			dependencies = (
			);
			fileSystemSynchronizedGroups = (
				804AB0A52DA3C0BC007825F7 /* swiftFrontend */,
			);
			name = swiftFrontend;
			packageProductDependencies = (
			);
			productName = swiftFrontend;
			productReference = 804AB0A32DA3C0BC007825F7 /* swiftFrontend.app */;
			productType = "com.apple.product-type.application";
		};
		804AB0B22DA3C0BD007825F7 /* swiftFrontendTests */ = {
			isa = PBXNativeTarget;
			buildConfigurationList = 804AB0CA2DA3C0BD007825F7 /* Build configuration list for PBXNativeTarget "swiftFrontendTests" */;
			buildPhases = (
				804AB0AF2DA3C0BD007825F7 /* Sources */,
				804AB0B02DA3C0BD007825F7 /* Frameworks */,
				804AB0B12DA3C0BD007825F7 /* Resources */,
			);
			buildRules = (
			);
			dependencies = (
				804AB0B52DA3C0BD007825F7 /* PBXTargetDependency */,
			);
			fileSystemSynchronizedGroups = (
				804AB0B62DA3C0BD007825F7 /* swiftFrontendTests */,
			);
			name = swiftFrontendTests;
			packageProductDependencies = (
			);
			productName = swiftFrontendTests;
			productReference = 804AB0B32DA3C0BD007825F7 /* swiftFrontendTests.xctest */;
			productType = "com.apple.product-type.bundle.unit-test";
		};
		804AB0BC2DA3C0BD007825F7 /* swiftFrontendUITests */ = {
			isa = PBXNativeTarget;
			buildConfigurationList = 804AB0CD2DA3C0BD007825F7 /* Build configuration list for PBXNativeTarget "swiftFrontendUITests" */;
			buildPhases = (
				804AB0B92DA3C0BD007825F7 /* Sources */,
				804AB0BA2DA3C0BD007825F7 /* Frameworks */,
				804AB0BB2DA3C0BD007825F7 /* Resources */,
			);
			buildRules = (
			);
			dependencies = (
				804AB0BF2DA3C0BD007825F7 /* PBXTargetDependency */,
			);
			fileSystemSynchronizedGroups = (
				804AB0C02DA3C0BD007825F7 /* swiftFrontendUITests */,
			);
			name = swiftFrontendUITests;
			packageProductDependencies = (
			);
			productName = swiftFrontendUITests;
			productReference = 804AB0BD2DA3C0BD007825F7 /* swiftFrontendUITests.xctest */;
			productType = "com.apple.product-type.bundle.ui-testing";
		};
/* End PBXNativeTarget section */

/* Begin PBXProject section */
		804AB09B2DA3C0BC007825F7 /* Project object */ = {
			isa = PBXProject;
			attributes = {
				BuildIndependentTargetsInParallel = 1;
				LastSwiftUpdateCheck = 1620;
				LastUpgradeCheck = 1620;
				TargetAttributes = {
					804AB0A22DA3C0BC007825F7 = {
						CreatedOnToolsVersion = 16.2;
					};
					804AB0B22DA3C0BD007825F7 = {
						CreatedOnToolsVersion = 16.2;
						TestTargetID = 804AB0A22DA3C0BC007825F7;
					};
					804AB0BC2DA3C0BD007825F7 = {
						CreatedOnToolsVersion = 16.2;
						TestTargetID = 804AB0A22DA3C0BC007825F7;
					};
				};
			};
			buildConfigurationList = 804AB09E2DA3C0BC007825F7 /* Build configuration list for PBXProject "swiftFrontend" */;
			developmentRegion = en;
			hasScannedForEncodings = 0;
			knownRegions = (
				en,
				Base,
			);
			mainGroup = 804AB09A2DA3C0BC007825F7;
			minimizedProjectReferenceProxies = 1;
			preferredProjectObjectVersion = 77;
			productRefGroup = 804AB0A42DA3C0BC007825F7 /* Products */;
			projectDirPath = "";
			projectRoot = "";
			targets = (
				804AB0A22DA3C0BC007825F7 /* swiftFrontend */,
				804AB0B22DA3C0BD007825F7 /* swiftFrontendTests */,
				804AB0BC2DA3C0BD007825F7 /* swiftFrontendUITests */,
			);
		};
/* End PBXProject section */

/* Begin PBXResourcesBuildPhase section */
		804AB0A12DA3C0BC007825F7 /* Resources */ = {
			isa = PBXResourcesBuildPhase;
			buildActionMask = 2147483647;
			files = (
			);
			runOnlyForDeploymentPostprocessing = 0;
		};
		804AB0B12DA3C0BD007825F7 /* Resources */ = {
			isa = PBXResourcesBuildPhase;
			buildActionMask = 2147483647;
			files = (
			);
			runOnlyForDeploymentPostprocessing = 0;
		};
		804AB0BB2DA3C0BD007825F7 /* Resources */ = {
			isa = PBXResourcesBuildPhase;
			buildActionMask = 2147483647;
			files = (
			);
			runOnlyForDeploymentPostprocessing = 0;
		};
/* End PBXResourcesBuildPhase section */

/* Begin PBXSourcesBuildPhase section */
		804AB09F2DA3C0BC007825F7 /* Sources */ = {
			isa = PBXSourcesBuildPhase;
			buildActionMask = 2147483647;
			files = (
			);
			runOnlyForDeploymentPostprocessing = 0;
		};
		804AB0AF2DA3C0BD007825F7 /* Sources */ = {
			isa = PBXSourcesBuildPhase;
			buildActionMask = 2147483647;
			files = (
			);
			runOnlyForDeploymentPostprocessing = 0;
		};
		804AB0B92DA3C0BD007825F7 /* Sources */ = {
			isa = PBXSourcesBuildPhase;
			buildActionMask = 2147483647;
			files = (
			);
			runOnlyForDeploymentPostprocessing = 0;
		};
/* End PBXSourcesBuildPhase section */

/* Begin PBXTargetDependency section */
		804AB0B52DA3C0BD007825F7 /* PBXTargetDependency */ = {
			isa = PBXTargetDependency;
			target = 804AB0A22DA3C0BC007825F7 /* swiftFrontend */;
			targetProxy = 804AB0B42DA3C0BD007825F7 /* PBXContainerItemProxy */;
		};
		804AB0BF2DA3C0BD007825F7 /* PBXTargetDependency */ = {
			isa = PBXTargetDependency;
			target = 804AB0A22DA3C0BC007825F7 /* swiftFrontend */;
			targetProxy = 804AB0BE2DA3C0BD007825F7 /* PBXContainerItemProxy */;
		};
/* End PBXTargetDependency section */

/* Begin XCBuildConfiguration section */
		804AB0C52DA3C0BD007825F7 /* Debug */ = {
			isa = XCBuildConfiguration;
			buildSettings = {
				ALWAYS_SEARCH_USER_PATHS = NO;
				ASSETCATALOG_COMPILER_GENERATE_SWIFT_ASSET_SYMBOL_EXTENSIONS = YES;
				CLANG_ANALYZER_NONNULL = YES;
				CLANG_ANALYZER_NUMBER_OBJECT_CONVERSION = YES_AGGRESSIVE;
				CLANG_CXX_LANGUAGE_STANDARD = "gnu++20";
				CLANG_ENABLE_MODULES = YES;
				CLANG_ENABLE_OBJC_ARC = YES;
				CLANG_ENABLE_OBJC_WEAK = YES;
				CLANG_WARN_BLOCK_CAPTURE_AUTORELEASING = YES;
				CLANG_WARN_BOOL_CONVERSION = YES;
				CLANG_WARN_COMMA = YES;
				CLANG_WARN_CONSTANT_CONVERSION = YES;
				CLANG_WARN_DEPRECATED_OBJC_IMPLEMENTATIONS = YES;
				CLANG_WARN_DIRECT_OBJC_ISA_USAGE = YES_ERROR;
				CLANG_WARN_DOCUMENTATION_COMMENTS = YES;
				CLANG_WARN_EMPTY_BODY = YES;
				CLANG_WARN_ENUM_CONVERSION = YES;
				CLANG_WARN_INFINITE_RECURSION = YES;
				CLANG_WARN_INT_CONVERSION = YES;
				CLANG_WARN_NON_LITERAL_NULL_CONVERSION = YES;
				CLANG_WARN_OBJC_IMPLICIT_RETAIN_SELF = YES;
				CLANG_WARN_OBJC_LITERAL_CONVERSION = YES;
				CLANG_WARN_OBJC_ROOT_CLASS = YES_ERROR;
				CLANG_WARN_QUOTED_INCLUDE_IN_FRAMEWORK_HEADER = YES;
				CLANG_WARN_RANGE_LOOP_ANALYSIS = YES;
				CLANG_WARN_STRICT_PROTOTYPES = YES;
				CLANG_WARN_SUSPICIOUS_MOVE = YES;
				CLANG_WARN_UNGUARDED_AVAILABILITY = YES_AGGRESSIVE;
				CLANG_WARN_UNREACHABLE_CODE = YES;
				CLANG_WARN__DUPLICATE_METHOD_MATCH = YES;
				COPY_PHASE_STRIP = NO;
				DEBUG_INFORMATION_FORMAT = dwarf;
				ENABLE_STRICT_OBJC_MSGSEND = YES;
				ENABLE_TESTABILITY = YES;
				ENABLE_USER_SCRIPT_SANDBOXING = YES;
				GCC_C_LANGUAGE_STANDARD = gnu17;
				GCC_DYNAMIC_NO_PIC = NO;
				GCC_NO_COMMON_BLOCKS = YES;
				GCC_OPTIMIZATION_LEVEL = 0;
				GCC_PREPROCESSOR_DEFINITIONS = (
					"DEBUG=1",
					"$(inherited)",
				);
				GCC_WARN_64_TO_32_BIT_CONVERSION = YES;
				GCC_WARN_ABOUT_RETURN_TYPE = YES_ERROR;
				GCC_WARN_UNDECLARED_SELECTOR = YES;
				GCC_WARN_UNINITIALIZED_AUTOS = YES_AGGRESSIVE;
				GCC_WARN_UNUSED_FUNCTION = YES;
				GCC_WARN_UNUSED_VARIABLE = YES;
				IPHONEOS_DEPLOYMENT_TARGET = 18.2;
				LOCALIZATION_PREFERS_STRING_CATALOGS = YES;
				MTL_ENABLE_DEBUG_INFO = INCLUDE_SOURCE;
				MTL_FAST_MATH = YES;
				ONLY_ACTIVE_ARCH = YES;
				SDKROOT = iphoneos;
				SWIFT_ACTIVE_COMPILATION_CONDITIONS = "DEBUG $(inherited)";
				SWIFT_OPTIMIZATION_LEVEL = "-Onone";
			};
			name = Debug;
		};
		804AB0C62DA3C0BD007825F7 /* Release */ = {
			isa = XCBuildConfiguration;
			buildSettings = {
				ALWAYS_SEARCH_USER_PATHS = NO;
				ASSETCATALOG_COMPILER_GENERATE_SWIFT_ASSET_SYMBOL_EXTENSIONS = YES;
				CLANG_ANALYZER_NONNULL = YES;
				CLANG_ANALYZER_NUMBER_OBJECT_CONVERSION = YES_AGGRESSIVE;
				CLANG_CXX_LANGUAGE_STANDARD = "gnu++20";
				CLANG_ENABLE_MODULES = YES;
				CLANG_ENABLE_OBJC_ARC = YES;
				CLANG_ENABLE_OBJC_WEAK = YES;
				CLANG_WARN_BLOCK_CAPTURE_AUTORELEASING = YES;
				CLANG_WARN_BOOL_CONVERSION = YES;
				CLANG_WARN_COMMA = YES;
				CLANG_WARN_CONSTANT_CONVERSION = YES;
				CLANG_WARN_DEPRECATED_OBJC_IMPLEMENTATIONS = YES;
				CLANG_WARN_DIRECT_OBJC_ISA_USAGE = YES_ERROR;
				CLANG_WARN_DOCUMENTATION_COMMENTS = YES;
				CLANG_WARN_EMPTY_BODY = YES;
				CLANG_WARN_ENUM_CONVERSION = YES;
				CLANG_WARN_INFINITE_RECURSION = YES;
				CLANG_WARN_INT_CONVERSION = YES;
				CLANG_WARN_NON_LITERAL_NULL_CONVERSION = YES;
				CLANG_WARN_OBJC_IMPLICIT_RETAIN_SELF = YES;
				CLANG_WARN_OBJC_LITERAL_CONVERSION = YES;
				CLANG_WARN_OBJC_ROOT_CLASS = YES_ERROR;
				CLANG_WARN_QUOTED_INCLUDE_IN_FRAMEWORK_HEADER = YES;
				CLANG_WARN_RANGE_LOOP_ANALYSIS = YES;
				CLANG_WARN_STRICT_PROTOTYPES = YES;
				CLANG_WARN_SUSPICIOUS_MOVE = YES;
				CLANG_WARN_UNGUARDED_AVAILABILITY = YES_AGGRESSIVE;
				CLANG_WARN_UNREACHABLE_CODE = YES;
				CLANG_WARN__DUPLICATE_METHOD_MATCH = YES;
				COPY_PHASE_STRIP = NO;
				DEBUG_INFORMATION_FORMAT = "dwarf-with-dsym";
				ENABLE_NS_ASSERTIONS = NO;
				ENABLE_STRICT_OBJC_MSGSEND = YES;
				ENABLE_USER_SCRIPT_SANDBOXING = YES;
				GCC_C_LANGUAGE_STANDARD = gnu17;
				GCC_NO_COMMON_BLOCKS = YES;
				GCC_WARN_64_TO_32_BIT_CONVERSION = YES;
				GCC_WARN_ABOUT_RETURN_TYPE = YES_ERROR;
				GCC_WARN_UNDECLARED_SELECTOR = YES;
				GCC_WARN_UNINITIALIZED_AUTOS = YES_AGGRESSIVE;
				GCC_WARN_UNUSED_FUNCTION = YES;
				GCC_WARN_UNUSED_VARIABLE = YES;
				IPHONEOS_DEPLOYMENT_TARGET = 18.2;
				LOCALIZATION_PREFERS_STRING_CATALOGS = YES;
				MTL_ENABLE_DEBUG_INFO = NO;
				MTL_FAST_MATH = YES;
				SDKROOT = iphoneos;
				SWIFT_COMPILATION_MODE = wholemodule;
				VALIDATE_PRODUCT = YES;
			};
			name = Release;
		};
		804AB0C82DA3C0BD007825F7 /* Debug */ = {
			isa = XCBuildConfiguration;
			buildSettings = {
				ASSETCATALOG_COMPILER_APPICON_NAME = AppIcon;
				ASSETCATALOG_COMPILER_GLOBAL_ACCENT_COLOR_NAME = AccentColor;
				CODE_SIGN_STYLE = Automatic;
				CURRENT_PROJECT_VERSION = 1;
				DEVELOPMENT_ASSET_PATHS = "\"swiftFrontend/Preview Content\"";
				ENABLE_PREVIEWS = YES;
				GENERATE_INFOPLIST_FILE = YES;
				INFOPLIST_KEY_UIApplicationSceneManifest_Generation = YES;
				INFOPLIST_KEY_UIApplicationSupportsIndirectInputEvents = YES;
				INFOPLIST_KEY_UILaunchScreen_Generation = YES;
				INFOPLIST_KEY_UISupportedInterfaceOrientations_iPad = "UIInterfaceOrientationPortrait UIInterfaceOrientationPortraitUpsideDown UIInterfaceOrientationLandscapeLeft UIInterfaceOrientationLandscapeRight";
				INFOPLIST_KEY_UISupportedInterfaceOrientations_iPhone = "UIInterfaceOrientationPortrait UIInterfaceOrientationLandscapeLeft UIInterfaceOrientationLandscapeRight";
				LD_RUNPATH_SEARCH_PATHS = (
					"$(inherited)",
					"@executable_path/Frameworks",
				);
				MARKETING_VERSION = 1.0;
				PRODUCT_BUNDLE_IDENTIFIER = at.htl.leonding.4ahitm.swiftFrontend;
				PRODUCT_NAME = "$(TARGET_NAME)";
				SWIFT_EMIT_LOC_STRINGS = YES;
				SWIFT_VERSION = 5.0;
				TARGETED_DEVICE_FAMILY = "1,2";
			};
			name = Debug;
		};
		804AB0C92DA3C0BD007825F7 /* Release */ = {
			isa = XCBuildConfiguration;
			buildSettings = {
				ASSETCATALOG_COMPILER_APPICON_NAME = AppIcon;
				ASSETCATALOG_COMPILER_GLOBAL_ACCENT_COLOR_NAME = AccentColor;
				CODE_SIGN_STYLE = Automatic;
				CURRENT_PROJECT_VERSION = 1;
				DEVELOPMENT_ASSET_PATHS = "\"swiftFrontend/Preview Content\"";
				ENABLE_PREVIEWS = YES;
				GENERATE_INFOPLIST_FILE = YES;
				INFOPLIST_KEY_UIApplicationSceneManifest_Generation = YES;
				INFOPLIST_KEY_UIApplicationSupportsIndirectInputEvents = YES;
				INFOPLIST_KEY_UILaunchScreen_Generation = YES;
				INFOPLIST_KEY_UISupportedInterfaceOrientations_iPad = "UIInterfaceOrientationPortrait UIInterfaceOrientationPortraitUpsideDown UIInterfaceOrientationLandscapeLeft UIInterfaceOrientationLandscapeRight";
				INFOPLIST_KEY_UISupportedInterfaceOrientations_iPhone = "UIInterfaceOrientationPortrait UIInterfaceOrientationLandscapeLeft UIInterfaceOrientationLandscapeRight";
				LD_RUNPATH_SEARCH_PATHS = (
					"$(inherited)",
					"@executable_path/Frameworks",
				);
				MARKETING_VERSION = 1.0;
				PRODUCT_BUNDLE_IDENTIFIER = at.htl.leonding.4ahitm.swiftFrontend;
				PRODUCT_NAME = "$(TARGET_NAME)";
				SWIFT_EMIT_LOC_STRINGS = YES;
				SWIFT_VERSION = 5.0;
				TARGETED_DEVICE_FAMILY = "1,2";
			};
			name = Release;
		};
		804AB0CB2DA3C0BD007825F7 /* Debug */ = {
			isa = XCBuildConfiguration;
			buildSettings = {
				BUNDLE_LOADER = "$(TEST_HOST)";
				CODE_SIGN_STYLE = Automatic;
				CURRENT_PROJECT_VERSION = 1;
				GENERATE_INFOPLIST_FILE = YES;
				IPHONEOS_DEPLOYMENT_TARGET = 18.2;
				MARKETING_VERSION = 1.0;
				PRODUCT_BUNDLE_IDENTIFIER = at.htl.leonding.4ahitm.swiftFrontendTests;
				PRODUCT_NAME = "$(TARGET_NAME)";
				SWIFT_EMIT_LOC_STRINGS = NO;
				SWIFT_VERSION = 5.0;
				TARGETED_DEVICE_FAMILY = "1,2";
				TEST_HOST = "$(BUILT_PRODUCTS_DIR)/swiftFrontend.app/$(BUNDLE_EXECUTABLE_FOLDER_PATH)/swiftFrontend";
			};
			name = Debug;
		};
		804AB0CC2DA3C0BD007825F7 /* Release */ = {
			isa = XCBuildConfiguration;
			buildSettings = {
				BUNDLE_LOADER = "$(TEST_HOST)";
				CODE_SIGN_STYLE = Automatic;
				CURRENT_PROJECT_VERSION = 1;
				GENERATE_INFOPLIST_FILE = YES;
				IPHONEOS_DEPLOYMENT_TARGET = 18.2;
				MARKETING_VERSION = 1.0;
				PRODUCT_BUNDLE_IDENTIFIER = at.htl.leonding.4ahitm.swiftFrontendTests;
				PRODUCT_NAME = "$(TARGET_NAME)";
				SWIFT_EMIT_LOC_STRINGS = NO;
				SWIFT_VERSION = 5.0;
				TARGETED_DEVICE_FAMILY = "1,2";
				TEST_HOST = "$(BUILT_PRODUCTS_DIR)/swiftFrontend.app/$(BUNDLE_EXECUTABLE_FOLDER_PATH)/swiftFrontend";
			};
			name = Release;
		};
		804AB0CE2DA3C0BD007825F7 /* Debug */ = {
			isa = XCBuildConfiguration;
			buildSettings = {
				CODE_SIGN_STYLE = Automatic;
				CURRENT_PROJECT_VERSION = 1;
				GENERATE_INFOPLIST_FILE = YES;
				MARKETING_VERSION = 1.0;
				PRODUCT_BUNDLE_IDENTIFIER = at.htl.leonding.4ahitm.swiftFrontendUITests;
				PRODUCT_NAME = "$(TARGET_NAME)";
				SWIFT_EMIT_LOC_STRINGS = NO;
				SWIFT_VERSION = 5.0;
				TARGETED_DEVICE_FAMILY = "1,2";
				TEST_TARGET_NAME = swiftFrontend;
			};
			name = Debug;
		};
		804AB0CF2DA3C0BD007825F7 /* Release */ = {
			isa = XCBuildConfiguration;
			buildSettings = {
				CODE_SIGN_STYLE = Automatic;
				CURRENT_PROJECT_VERSION = 1;
				GENERATE_INFOPLIST_FILE = YES;
				MARKETING_VERSION = 1.0;
				PRODUCT_BUNDLE_IDENTIFIER = at.htl.leonding.4ahitm.swiftFrontendUITests;
				PRODUCT_NAME = "$(TARGET_NAME)";
				SWIFT_EMIT_LOC_STRINGS = NO;
				SWIFT_VERSION = 5.0;
				TARGETED_DEVICE_FAMILY = "1,2";
				TEST_TARGET_NAME = swiftFrontend;
			};
			name = Release;
		};
/* End XCBuildConfiguration section */

/* Begin XCConfigurationList section */
		804AB09E2DA3C0BC007825F7 /* Build configuration list for PBXProject "swiftFrontend" */ = {
			isa = XCConfigurationList;
			buildConfigurations = (
				804AB0C52DA3C0BD007825F7 /* Debug */,
				804AB0C62DA3C0BD007825F7 /* Release */,
			);
			defaultConfigurationIsVisible = 0;
			defaultConfigurationName = Release;
		};
		804AB0C72DA3C0BD007825F7 /* Build configuration list for PBXNativeTarget "swiftFrontend" */ = {
			isa = XCConfigurationList;
			buildConfigurations = (
				804AB0C82DA3C0BD007825F7 /* Debug */,
				804AB0C92DA3C0BD007825F7 /* Release */,
			);
			defaultConfigurationIsVisible = 0;
			defaultConfigurationName = Release;
		};
		804AB0CA2DA3C0BD007825F7 /* Build configuration list for PBXNativeTarget "swiftFrontendTests" */ = {
			isa = XCConfigurationList;
			buildConfigurations = (
				804AB0CB2DA3C0BD007825F7 /* Debug */,
				804AB0CC2DA3C0BD007825F7 /* Release */,
			);
			defaultConfigurationIsVisible = 0;
			defaultConfigurationName = Release;
		};
		804AB0CD2DA3C0BD007825F7 /* Build configuration list for PBXNativeTarget "swiftFrontendUITests" */ = {
			isa = XCConfigurationList;
			buildConfigurations = (
				804AB0CE2DA3C0BD007825F7 /* Debug */,
				804AB0CF2DA3C0BD007825F7 /* Release */,
			);
			defaultConfigurationIsVisible = 0;
			defaultConfigurationName = Release;
		};
/* End XCConfigurationList section */
	};
	rootObject = 804AB09B2DA3C0BC007825F7 /* Project object */;
}
